
Microsoft Visual Studio Solution File, Format Version 12.00
# Visual Studio Version 17
VisualStudioVersion = 17.14.36401.2 d17.14
MinimumVisualStudioVersion = 10.0.40219.1
Project("{FAE04EC0-301F-11D3-BF4B-00C04F79EFBC}") = "day-01", "..\day-01\day-01.csproj", "{6E3230BB-97ED-616D-C1FA-C9F4230FA2D2}"
EndProject
Project("{FAE04EC0-301F-11D3-BF4B-00C04F79EFBC}") = "day-02", "day-02\day-02.csproj", "{D6503B76-F683-4298-BAD2-582ED3CF42B9}"
EndProject
Global
	GlobalSection(SolutionConfigurationPlatforms) = preSolution
		Debug|Any CPU = Debug|Any CPU
		Release|Any CPU = Release|Any CPU
	EndGlobalSection
	GlobalSection(ProjectConfigurationPlatforms) = postSolution
		{6E3230BB-97ED-616D-C1FA-C9F4230FA2D2}.Debug|Any CPU.ActiveCfg = Debug|Any CPU
		{6E3230BB-97ED-616D-C1FA-C9F4230FA2D2}.Debug|Any CPU.Build.0 = Debug|Any CPU
		{6E3230BB-97ED-616D-C1FA-C9F4230FA2D2}.Release|Any CPU.ActiveCfg = Release|Any CPU
		{6E3230BB-97ED-616D-C1FA-C9F4230FA2D2}.Release|Any CPU.Build.0 = Release|Any CPU
		{D6503B76-F683-4298-BAD2-582ED3CF42B9}.Debug|Any CPU.ActiveCfg = Debug|Any CPU
		{D6503B76-F683-4298-BAD2-582ED3CF42B9}.Debug|Any CPU.Build.0 = Debug|Any CPU
		{D6503B76-F683-4298-BAD2-582ED3CF42B9}.Release|Any CPU.ActiveCfg = Release|Any CPU
		{D6503B76-F683-4298-BAD2-582ED3CF42B9}.Release|Any CPU.Build.0 = Release|Any CPU
	EndGlobalSection
	GlobalSection(SolutionProperties) = preSolution
		HideSolutionNode = FALSE
	EndGlobalSection
	GlobalSection(ExtensibilityGlobals) = postSolution
		SolutionGuid = {43230035-E1BA-4963-99B2-425AB9C61984}
	EndGlobalSection
EndGlobal
