
Microsoft Visual Studio Solution File, Format Version 12.00
# Visual Studio Version 17
VisualStudioVersion = 17.14.36401.2
MinimumVisualStudioVersion = 10.0.40219.1
Project("{FAE04EC0-301F-11D3-BF4B-00C04F79EFBC}") = "day-02", "day-02\day-02.csproj", "{D6503B76-F683-4298-BAD2-582ED3CF42B9}"
EndProject
Project("{FAE04EC0-301F-11D3-BF4B-00C04F79EFBC}") = "day-01", "day-01\day-01.csproj", "{E1B485DE-F388-8C4D-D8C9-3B391ECDE237}"
EndProject
Project("{FAE04EC0-301F-11D3-BF4B-00C04F79EFBC}") = "day-03", "day-03\day-03.csproj", "{D05D8C85-AE2A-4CE3-962A-CAB1AA7FE4F0}"
EndProject
Project("{FAE04EC0-301F-11D3-BF4B-00C04F79EFBC}") = "day-04", "day-04\day-04.csproj", "{75626866-988E-4DB2-9A56-DC84FC4D2B19}"
EndProject
Project("{FAE04EC0-301F-11D3-BF4B-00C04F79EFBC}") = "day-05", "day-05\day-05.csproj", "{AC0C6682-A3A4-431C-A2D7-BF1DB8C29D49}"
EndProject
Project("{FAE04EC0-301F-11D3-BF4B-00C04F79EFBC}") = "aoc-utils", "aoc-utils\aoc-utils.csproj", "{1E6CC214-1187-4F08-94F1-F1DB752E71B9}"
EndProject
Project("{FAE04EC0-301F-11D3-BF4B-00C04F79EFBC}") = "day-06", "day-06\day-06.csproj", "{27AC0F6E-91F8-4C1F-8D75-83617185483C}"
EndProject
Project("{FAE04EC0-301F-11D3-BF4B-00C04F79EFBC}") = "day-07", "day-07\day-07.csproj", "{7823EA51-3DF5-4171-8863-179EEE7E03CF}"
EndProject
Project("{FAE04EC0-301F-11D3-BF4B-00C04F79EFBC}") = "day-08", "day-08\day-08.csproj", "{621BD18A-119B-491E-8CFF-1AAAA334F6D5}"
EndProject
Project("{FAE04EC0-301F-11D3-BF4B-00C04F79EFBC}") = "day-09", "day-09\day-09.csproj", "{9B1EA7DE-495A-4780-8106-6D30D516DB44}"
EndProject
Project("{FAE04EC0-301F-11D3-BF4B-00C04F79EFBC}") = "day-10", "day-10\day-10.csproj", "{EEC463B5-39B2-4B60-8E6C-75298CF38A72}"
EndProject
Project("{FAE04EC0-301F-11D3-BF4B-00C04F79EFBC}") = "day-11", "day-11\day-11.csproj", "{E6581002-1223-4AA1-A06E-9B4F59BFBEA6}"
EndProject
Global
	GlobalSection(SolutionConfigurationPlatforms) = preSolution
		Debug|Any CPU = Debug|Any CPU
		Release|Any CPU = Release|Any CPU
	EndGlobalSection
	GlobalSection(ProjectConfigurationPlatforms) = postSolution
		{D6503B76-F683-4298-BAD2-582ED3CF42B9}.Debug|Any CPU.ActiveCfg = Debug|Any CPU
		{D6503B76-F683-4298-BAD2-582ED3CF42B9}.Debug|Any CPU.Build.0 = Debug|Any CPU
		{D6503B76-F683-4298-BAD2-582ED3CF42B9}.Release|Any CPU.ActiveCfg = Release|Any CPU
		{D6503B76-F683-4298-BAD2-582ED3CF42B9}.Release|Any CPU.Build.0 = Release|Any CPU
		{E1B485DE-F388-8C4D-D8C9-3B391ECDE237}.Debug|Any CPU.ActiveCfg = Debug|Any CPU
		{E1B485DE-F388-8C4D-D8C9-3B391ECDE237}.Debug|Any CPU.Build.0 = Debug|Any CPU
		{E1B485DE-F388-8C4D-D8C9-3B391ECDE237}.Release|Any CPU.ActiveCfg = Release|Any CPU
		{E1B485DE-F388-8C4D-D8C9-3B391ECDE237}.Release|Any CPU.Build.0 = Release|Any CPU
		{D05D8C85-AE2A-4CE3-962A-CAB1AA7FE4F0}.Debug|Any CPU.ActiveCfg = Debug|Any CPU
		{D05D8C85-AE2A-4CE3-962A-CAB1AA7FE4F0}.Debug|Any CPU.Build.0 = Debug|Any CPU
		{D05D8C85-AE2A-4CE3-962A-CAB1AA7FE4F0}.Release|Any CPU.ActiveCfg = Release|Any CPU
		{D05D8C85-AE2A-4CE3-962A-CAB1AA7FE4F0}.Release|Any CPU.Build.0 = Release|Any CPU
		{75626866-988E-4DB2-9A56-DC84FC4D2B19}.Debug|Any CPU.ActiveCfg = Debug|Any CPU
		{75626866-988E-4DB2-9A56-DC84FC4D2B19}.Debug|Any CPU.Build.0 = Debug|Any CPU
		{75626866-988E-4DB2-9A56-DC84FC4D2B19}.Release|Any CPU.ActiveCfg = Release|Any CPU
		{75626866-988E-4DB2-9A56-DC84FC4D2B19}.Release|Any CPU.Build.0 = Release|Any CPU
		{AC0C6682-A3A4-431C-A2D7-BF1DB8C29D49}.Debug|Any CPU.ActiveCfg = Debug|Any CPU
		{AC0C6682-A3A4-431C-A2D7-BF1DB8C29D49}.Debug|Any CPU.Build.0 = Debug|Any CPU
		{AC0C6682-A3A4-431C-A2D7-BF1DB8C29D49}.Release|Any CPU.ActiveCfg = Release|Any CPU
		{AC0C6682-A3A4-431C-A2D7-BF1DB8C29D49}.Release|Any CPU.Build.0 = Release|Any CPU
		{1E6CC214-1187-4F08-94F1-F1DB752E71B9}.Debug|Any CPU.ActiveCfg = Debug|Any CPU
		{1E6CC214-1187-4F08-94F1-F1DB752E71B9}.Debug|Any CPU.Build.0 = Debug|Any CPU
		{1E6CC214-1187-4F08-94F1-F1DB752E71B9}.Release|Any CPU.ActiveCfg = Release|Any CPU
		{1E6CC214-1187-4F08-94F1-F1DB752E71B9}.Release|Any CPU.Build.0 = Release|Any CPU
		{27AC0F6E-91F8-4C1F-8D75-83617185483C}.Debug|Any CPU.ActiveCfg = Debug|Any CPU
		{27AC0F6E-91F8-4C1F-8D75-83617185483C}.Debug|Any CPU.Build.0 = Debug|Any CPU
		{27AC0F6E-91F8-4C1F-8D75-83617185483C}.Release|Any CPU.ActiveCfg = Release|Any CPU
		{27AC0F6E-91F8-4C1F-8D75-83617185483C}.Release|Any CPU.Build.0 = Release|Any CPU
		{7823EA51-3DF5-4171-8863-179EEE7E03CF}.Debug|Any CPU.ActiveCfg = Debug|Any CPU
		{7823EA51-3DF5-4171-8863-179EEE7E03CF}.Debug|Any CPU.Build.0 = Debug|Any CPU
		{7823EA51-3DF5-4171-8863-179EEE7E03CF}.Release|Any CPU.ActiveCfg = Release|Any CPU
		{7823EA51-3DF5-4171-8863-179EEE7E03CF}.Release|Any CPU.Build.0 = Release|Any CPU
		{621BD18A-119B-491E-8CFF-1AAAA334F6D5}.Debug|Any CPU.ActiveCfg = Debug|Any CPU
		{621BD18A-119B-491E-8CFF-1AAAA334F6D5}.Debug|Any CPU.Build.0 = Debug|Any CPU
		{621BD18A-119B-491E-8CFF-1AAAA334F6D5}.Release|Any CPU.ActiveCfg = Release|Any CPU
		{621BD18A-119B-491E-8CFF-1AAAA334F6D5}.Release|Any CPU.Build.0 = Release|Any CPU
		{9B1EA7DE-495A-4780-8106-6D30D516DB44}.Debug|Any CPU.ActiveCfg = Debug|Any CPU
		{9B1EA7DE-495A-4780-8106-6D30D516DB44}.Debug|Any CPU.Build.0 = Debug|Any CPU
		{9B1EA7DE-495A-4780-8106-6D30D516DB44}.Release|Any CPU.ActiveCfg = Release|Any CPU
		{9B1EA7DE-495A-4780-8106-6D30D516DB44}.Release|Any CPU.Build.0 = Release|Any CPU
		{EEC463B5-39B2-4B60-8E6C-75298CF38A72}.Debug|Any CPU.ActiveCfg = Debug|Any CPU
		{EEC463B5-39B2-4B60-8E6C-75298CF38A72}.Debug|Any CPU.Build.0 = Debug|Any CPU
		{EEC463B5-39B2-4B60-8E6C-75298CF38A72}.Release|Any CPU.ActiveCfg = Release|Any CPU
		{EEC463B5-39B2-4B60-8E6C-75298CF38A72}.Release|Any CPU.Build.0 = Release|Any CPU
		{E6581002-1223-4AA1-A06E-9B4F59BFBEA6}.Debug|Any CPU.ActiveCfg = Debug|Any CPU
		{E6581002-1223-4AA1-A06E-9B4F59BFBEA6}.Debug|Any CPU.Build.0 = Debug|Any CPU
		{E6581002-1223-4AA1-A06E-9B4F59BFBEA6}.Release|Any CPU.ActiveCfg = Release|Any CPU
		{E6581002-1223-4AA1-A06E-9B4F59BFBEA6}.Release|Any CPU.Build.0 = Release|Any CPU
	EndGlobalSection
	GlobalSection(SolutionProperties) = preSolution
		HideSolutionNode = FALSE
	EndGlobalSection
	GlobalSection(ExtensibilityGlobals) = postSolution
		SolutionGuid = {43230035-E1BA-4963-99B2-425AB9C61984}
	EndGlobalSection
EndGlobal
